// !$*UTF8*$!
{
	archiveVersion = 1;
	classes = {
	};
	objectVersion = 46;
	objects = {

/* Begin PBXBuildFile section */
		B3CF12F219FAFD3200DFEE42 /* AppDelegate.swift in Sources */ = {isa = PBXBuildFile; fileRef = B3CF12F119FAFD3200DFEE42 /* AppDelegate.swift */; };
		B3CF12F519FAFD3200DFEE42 /* Proto.xcdatamodeld in Sources */ = {isa = PBXBuildFile; fileRef = B3CF12F319FAFD3200DFEE42 /* Proto.xcdatamodeld */; };
		B3CF12F719FAFD3200DFEE42 /* MasterViewController.swift in Sources */ = {isa = PBXBuildFile; fileRef = B3CF12F619FAFD3200DFEE42 /* MasterViewController.swift */; };
		B3CF12F919FAFD3200DFEE42 /* DetailViewController.swift in Sources */ = {isa = PBXBuildFile; fileRef = B3CF12F819FAFD3200DFEE42 /* DetailViewController.swift */; };
		B3CF12FC19FAFD3200DFEE42 /* Main.storyboard in Resources */ = {isa = PBXBuildFile; fileRef = B3CF12FA19FAFD3200DFEE42 /* Main.storyboard */; };
		B3CF12FE19FAFD3200DFEE42 /* Images.xcassets in Resources */ = {isa = PBXBuildFile; fileRef = B3CF12FD19FAFD3200DFEE42 /* Images.xcassets */; };
		B3CF130119FAFD3200DFEE42 /* LaunchScreen.xib in Resources */ = {isa = PBXBuildFile; fileRef = B3CF12FF19FAFD3200DFEE42 /* LaunchScreen.xib */; };
		B3CF130D19FAFD3200DFEE42 /* ProtoTests.swift in Sources */ = {isa = PBXBuildFile; fileRef = B3CF130C19FAFD3200DFEE42 /* ProtoTests.swift */; };
/* End PBXBuildFile section */

/* Begin PBXContainerItemProxy section */
		B3CF130719FAFD3200DFEE42 /* PBXContainerItemProxy */ = {
			isa = PBXContainerItemProxy;
			containerPortal = B3CF12E419FAFD3100DFEE42 /* Project object */;
			proxyType = 1;
			remoteGlobalIDString = B3CF12EB19FAFD3200DFEE42;
			remoteInfo = Proto;
		};
/* End PBXContainerItemProxy section */

/* Begin PBXFileReference section */
		B3CF12EC19FAFD3200DFEE42 /* Proto.app */ = {isa = PBXFileReference; explicitFileType = wrapper.application; includeInIndex = 0; path = Proto.app; sourceTree = BUILT_PRODUCTS_DIR; };
		B3CF12F019FAFD3200DFEE42 /* Info.plist */ = {isa = PBXFileReference; lastKnownFileType = text.plist.xml; path = Info.plist; sourceTree = "<group>"; };
		B3CF12F119FAFD3200DFEE42 /* AppDelegate.swift */ = {isa = PBXFileReference; lastKnownFileType = sourcecode.swift; path = AppDelegate.swift; sourceTree = "<group>"; };
		B3CF12F419FAFD3200DFEE42 /* Proto.xcdatamodel */ = {isa = PBXFileReference; lastKnownFileType = wrapper.xcdatamodel; path = Proto.xcdatamodel; sourceTree = "<group>"; };
		B3CF12F619FAFD3200DFEE42 /* MasterViewController.swift */ = {isa = PBXFileReference; lastKnownFileType = sourcecode.swift; path = MasterViewController.swift; sourceTree = "<group>"; };
		B3CF12F819FAFD3200DFEE42 /* DetailViewController.swift */ = {isa = PBXFileReference; lastKnownFileType = sourcecode.swift; path = DetailViewController.swift; sourceTree = "<group>"; };
		B3CF12FB19FAFD3200DFEE42 /* Base */ = {isa = PBXFileReference; lastKnownFileType = file.storyboard; name = Base; path = Base.lproj/Main.storyboard; sourceTree = "<group>"; };
		B3CF12FD19FAFD3200DFEE42 /* Images.xcassets */ = {isa = PBXFileReference; lastKnownFileType = folder.assetcatalog; path = Images.xcassets; sourceTree = "<group>"; };
		B3CF130019FAFD3200DFEE42 /* Base */ = {isa = PBXFileReference; lastKnownFileType = file.xib; name = Base; path = Base.lproj/LaunchScreen.xib; sourceTree = "<group>"; };
		B3CF130619FAFD3200DFEE42 /* ProtoTests.xctest */ = {isa = PBXFileReference; explicitFileType = wrapper.cfbundle; includeInIndex = 0; path = ProtoTests.xctest; sourceTree = BUILT_PRODUCTS_DIR; };
		B3CF130B19FAFD3200DFEE42 /* Info.plist */ = {isa = PBXFileReference; lastKnownFileType = text.plist.xml; path = Info.plist; sourceTree = "<group>"; };
		B3CF130C19FAFD3200DFEE42 /* ProtoTests.swift */ = {isa = PBXFileReference; lastKnownFileType = sourcecode.swift; path = ProtoTests.swift; sourceTree = "<group>"; };
/* End PBXFileReference section */

/* Begin PBXFrameworksBuildPhase section */
		B3CF12E919FAFD3200DFEE42 /* Frameworks */ = {
			isa = PBXFrameworksBuildPhase;
			buildActionMask = 2147483647;
			files = (
			);
			runOnlyForDeploymentPostprocessing = 0;
		};
		B3CF130319FAFD3200DFEE42 /* Frameworks */ = {
			isa = PBXFrameworksBuildPhase;
			buildActionMask = 2147483647;
			files = (
			);
			runOnlyForDeploymentPostprocessing = 0;
		};
/* End PBXFrameworksBuildPhase section */

/* Begin PBXGroup section */
		B3CF12E319FAFD3100DFEE42 = {
			isa = PBXGroup;
			children = (
				B3CF12EE19FAFD3200DFEE42 /* Proto */,
				B3CF130919FAFD3200DFEE42 /* ProtoTests */,
				B3CF12ED19FAFD3200DFEE42 /* Products */,
			);
			sourceTree = "<group>";
		};
		B3CF12ED19FAFD3200DFEE42 /* Products */ = {
			isa = PBXGroup;
			children = (
				B3CF12EC19FAFD3200DFEE42 /* Proto.app */,
				B3CF130619FAFD3200DFEE42 /* ProtoTests.xctest */,
			);
			name = Products;
			sourceTree = "<group>";
		};
		B3CF12EE19FAFD3200DFEE42 /* Proto */ = {
			isa = PBXGroup;
			children = (
				B3CF12F119FAFD3200DFEE42 /* AppDelegate.swift */,
				B3CF12F619FAFD3200DFEE42 /* MasterViewController.swift */,
				B3CF12F819FAFD3200DFEE42 /* DetailViewController.swift */,
				B3CF12FA19FAFD3200DFEE42 /* Main.storyboard */,
				B3CF12FD19FAFD3200DFEE42 /* Images.xcassets */,
				B3CF12FF19FAFD3200DFEE42 /* LaunchScreen.xib */,
				B3CF12F319FAFD3200DFEE42 /* Proto.xcdatamodeld */,
				B3CF12EF19FAFD3200DFEE42 /* Supporting Files */,
			);
			path = Proto;
			sourceTree = "<group>";
		};
		B3CF12EF19FAFD3200DFEE42 /* Supporting Files */ = {
			isa = PBXGroup;
			children = (
				B3CF12F019FAFD3200DFEE42 /* Info.plist */,
			);
			name = "Supporting Files";
			sourceTree = "<group>";
		};
		B3CF130919FAFD3200DFEE42 /* ProtoTests */ = {
			isa = PBXGroup;
			children = (
				B3CF130C19FAFD3200DFEE42 /* ProtoTests.swift */,
				B3CF130A19FAFD3200DFEE42 /* Supporting Files */,
			);
			path = ProtoTests;
			sourceTree = "<group>";
		};
		B3CF130A19FAFD3200DFEE42 /* Supporting Files */ = {
			isa = PBXGroup;
			children = (
				B3CF130B19FAFD3200DFEE42 /* Info.plist */,
			);
			name = "Supporting Files";
			sourceTree = "<group>";
		};
/* End PBXGroup section */

/* Begin PBXNativeTarget section */
		B3CF12EB19FAFD3200DFEE42 /* Proto */ = {
			isa = PBXNativeTarget;
			buildConfigurationList = B3CF131019FAFD3200DFEE42 /* Build configuration list for PBXNativeTarget "Proto" */;
			buildPhases = (
				B3CF12E819FAFD3200DFEE42 /* Sources */,
				B3CF12E919FAFD3200DFEE42 /* Frameworks */,
				B3CF12EA19FAFD3200DFEE42 /* Resources */,
			);
			buildRules = (
			);
			dependencies = (
			);
			name = Proto;
			productName = Proto;
			productReference = B3CF12EC19FAFD3200DFEE42 /* Proto.app */;
			productType = "com.apple.product-type.application";
		};
		B3CF130519FAFD3200DFEE42 /* ProtoTests */ = {
			isa = PBXNativeTarget;
			buildConfigurationList = B3CF131319FAFD3200DFEE42 /* Build configuration list for PBXNativeTarget "ProtoTests" */;
			buildPhases = (
				B3CF130219FAFD3200DFEE42 /* Sources */,
				B3CF130319FAFD3200DFEE42 /* Frameworks */,
				B3CF130419FAFD3200DFEE42 /* Resources */,
			);
			buildRules = (
			);
			dependencies = (
				B3CF130819FAFD3200DFEE42 /* PBXTargetDependency */,
			);
			name = ProtoTests;
			productName = ProtoTests;
			productReference = B3CF130619FAFD3200DFEE42 /* ProtoTests.xctest */;
			productType = "com.apple.product-type.bundle.unit-test";
		};
/* End PBXNativeTarget section */

/* Begin PBXProject section */
		B3CF12E419FAFD3100DFEE42 /* Project object */ = {
			isa = PBXProject;
			attributes = {
				LastUpgradeCheck = 0610;
				ORGANIZATIONNAME = "Skye Road Systems";
				TargetAttributes = {
					B3CF12EB19FAFD3200DFEE42 = {
						CreatedOnToolsVersion = 6.1;
					};
					B3CF130519FAFD3200DFEE42 = {
						CreatedOnToolsVersion = 6.1;
						TestTargetID = B3CF12EB19FAFD3200DFEE42;
					};
				};
			};
			buildConfigurationList = B3CF12E719FAFD3100DFEE42 /* Build configuration list for PBXProject "Proto" */;
			compatibilityVersion = "Xcode 3.2";
			developmentRegion = English;
			hasScannedForEncodings = 0;
			knownRegions = (
				en,
				Base,
			);
			mainGroup = B3CF12E319FAFD3100DFEE42;
			productRefGroup = B3CF12ED19FAFD3200DFEE42 /* Products */;
			projectDirPath = "";
			projectRoot = "";
			targets = (
				B3CF12EB19FAFD3200DFEE42 /* Proto */,
				B3CF130519FAFD3200DFEE42 /* ProtoTests */,
			);
		};
/* End PBXProject section */

/* Begin PBXResourcesBuildPhase section */
		B3CF12EA19FAFD3200DFEE42 /* Resources */ = {
			isa = PBXResourcesBuildPhase;
			buildActionMask = 2147483647;
			files = (
				B3CF12FC19FAFD3200DFEE42 /* Main.storyboard in Resources */,
				B3CF130119FAFD3200DFEE42 /* LaunchScreen.xib in Resources */,
				B3CF12FE19FAFD3200DFEE42 /* Images.xcassets in Resources */,
			);
			runOnlyForDeploymentPostprocessing = 0;
		};
		B3CF130419FAFD3200DFEE42 /* Resources */ = {
			isa = PBXResourcesBuildPhase;
			buildActionMask = 2147483647;
			files = (
			);
			runOnlyForDeploymentPostprocessing = 0;
		};
/* End PBXResourcesBuildPhase section */

/* Begin PBXSourcesBuildPhase section */
		B3CF12E819FAFD3200DFEE42 /* Sources */ = {
			isa = PBXSourcesBuildPhase;
			buildActionMask = 2147483647;
			files = (
				B3CF12F519FAFD3200DFEE42 /* Proto.xcdatamodeld in Sources */,
				B3CF12F219FAFD3200DFEE42 /* AppDelegate.swift in Sources */,
				B3CF12F719FAFD3200DFEE42 /* MasterViewController.swift in Sources */,
				B3CF12F919FAFD3200DFEE42 /* DetailViewController.swift in Sources */,
			);
			runOnlyForDeploymentPostprocessing = 0;
		};
		B3CF130219FAFD3200DFEE42 /* Sources */ = {
			isa = PBXSourcesBuildPhase;
			buildActionMask = 2147483647;
			files = (
				B3CF130D19FAFD3200DFEE42 /* ProtoTests.swift in Sources */,
			);
			runOnlyForDeploymentPostprocessing = 0;
		};
/* End PBXSourcesBuildPhase section */

/* Begin PBXTargetDependency section */
		B3CF130819FAFD3200DFEE42 /* PBXTargetDependency */ = {
			isa = PBXTargetDependency;
			target = B3CF12EB19FAFD3200DFEE42 /* Proto */;
			targetProxy = B3CF130719FAFD3200DFEE42 /* PBXContainerItemProxy */;
		};
/* End PBXTargetDependency section */

/* Begin PBXVariantGroup section */
		B3CF12FA19FAFD3200DFEE42 /* Main.storyboard */ = {
			isa = PBXVariantGroup;
			children = (
				B3CF12FB19FAFD3200DFEE42 /* Base */,
			);
			name = Main.storyboard;
			sourceTree = "<group>";
		};
		B3CF12FF19FAFD3200DFEE42 /* LaunchScreen.xib */ = {
			isa = PBXVariantGroup;
			children = (
				B3CF130019FAFD3200DFEE42 /* Base */,
			);
			name = LaunchScreen.xib;
			sourceTree = "<group>";
		};
/* End PBXVariantGroup section */

/* Begin XCBuildConfiguration section */
		B3CF130E19FAFD3200DFEE42 /* Debug */ = {
			isa = XCBuildConfiguration;
			buildSettings = {
				ALWAYS_SEARCH_USER_PATHS = NO;
				CLANG_CXX_LANGUAGE_STANDARD = "gnu++0x";
				CLANG_CXX_LIBRARY = "libc++";
				CLANG_ENABLE_MODULES = YES;
				CLANG_ENABLE_OBJC_ARC = YES;
				CLANG_WARN_BOOL_CONVERSION = YES;
				CLANG_WARN_CONSTANT_CONVERSION = YES;
				CLANG_WARN_DIRECT_OBJC_ISA_USAGE = YES_ERROR;
				CLANG_WARN_EMPTY_BODY = YES;
				CLANG_WARN_ENUM_CONVERSION = YES;
				CLANG_WARN_INT_CONVERSION = YES;
				CLANG_WARN_OBJC_ROOT_CLASS = YES_ERROR;
				CLANG_WARN_UNREACHABLE_CODE = YES;
				CLANG_WARN__DUPLICATE_METHOD_MATCH = YES;
				"CODE_SIGN_IDENTITY[sdk=iphoneos*]" = "iPhone Developer";
				COPY_PHASE_STRIP = NO;
				ENABLE_STRICT_OBJC_MSGSEND = YES;
				GCC_C_LANGUAGE_STANDARD = gnu99;
				GCC_DYNAMIC_NO_PIC = NO;
				GCC_OPTIMIZATION_LEVEL = 0;
				GCC_PREPROCESSOR_DEFINITIONS = (
					"DEBUG=1",
					"$(inherited)",
				);
				GCC_SYMBOLS_PRIVATE_EXTERN = NO;
				GCC_WARN_64_TO_32_BIT_CONVERSION = YES;
				GCC_WARN_ABOUT_RETURN_TYPE = YES_ERROR;
				GCC_WARN_UNDECLARED_SELECTOR = YES;
				GCC_WARN_UNINITIALIZED_AUTOS = YES_AGGRESSIVE;
				GCC_WARN_UNUSED_FUNCTION = YES;
				GCC_WARN_UNUSED_VARIABLE = YES;
				IPHONEOS_DEPLOYMENT_TARGET = 8.1;
				MTL_ENABLE_DEBUG_INFO = YES;
				ONLY_ACTIVE_ARCH = YES;
				SDKROOT = iphoneos;
				SWIFT_OPTIMIZATION_LEVEL = "-Onone";
			};
			name = Debug;
		};
		B3CF130F19FAFD3200DFEE42 /* Release */ = {
			isa = XCBuildConfiguration;
			buildSettings = {
				ALWAYS_SEARCH_USER_PATHS = NO;
				CLANG_CXX_LANGUAGE_STANDARD = "gnu++0x";
				CLANG_CXX_LIBRARY = "libc++";
				CLANG_ENABLE_MODULES = YES;
				CLANG_ENABLE_OBJC_ARC = YES;
				CLANG_WARN_BOOL_CONVERSION = YES;
				CLANG_WARN_CONSTANT_CONVERSION = YES;
				CLANG_WARN_DIRECT_OBJC_ISA_USAGE = YES_ERROR;
				CLANG_WARN_EMPTY_BODY = YES;
				CLANG_WARN_ENUM_CONVERSION = YES;
				CLANG_WARN_INT_CONVERSION = YES;
				CLANG_WARN_OBJC_ROOT_CLASS = YES_ERROR;
				CLANG_WARN_UNREACHABLE_CODE = YES;
				CLANG_WARN__DUPLICATE_METHOD_MATCH = YES;
				"CODE_SIGN_IDENTITY[sdk=iphoneos*]" = "iPhone Developer";
				COPY_PHASE_STRIP = YES;
				ENABLE_NS_ASSERTIONS = NO;
				ENABLE_STRICT_OBJC_MSGSEND = YES;
				GCC_C_LANGUAGE_STANDARD = gnu99;
				GCC_WARN_64_TO_32_BIT_CONVERSION = YES;
				GCC_WARN_ABOUT_RETURN_TYPE = YES_ERROR;
				GCC_WARN_UNDECLARED_SELECTOR = YES;
				GCC_WARN_UNINITIALIZED_AUTOS = YES_AGGRESSIVE;
				GCC_WARN_UNUSED_FUNCTION = YES;
				GCC_WARN_UNUSED_VARIABLE = YES;
				IPHONEOS_DEPLOYMENT_TARGET = 8.1;
				MTL_ENABLE_DEBUG_INFO = NO;
				SDKROOT = iphoneos;
				VALIDATE_PRODUCT = YES;
			};
			name = Release;
		};
		B3CF131119FAFD3200DFEE42 /* Debug */ = {
			isa = XCBuildConfiguration;
			buildSettings = {
				ASSETCATALOG_COMPILER_APPICON_NAME = AppIcon;
				INFOPLIST_FILE = Proto/Info.plist;
				LD_RUNPATH_SEARCH_PATHS = "$(inherited) @executable_path/Frameworks";
				PRODUCT_NAME = "$(TARGET_NAME)";
			};
			name = Debug;
		};
		B3CF131219FAFD3200DFEE42 /* Release */ = {
			isa = XCBuildConfiguration;
			buildSettings = {
				ASSETCATALOG_COMPILER_APPICON_NAME = AppIcon;
				INFOPLIST_FILE = Proto/Info.plist;
				LD_RUNPATH_SEARCH_PATHS = "$(inherited) @executable_path/Frameworks";
				PRODUCT_NAME = "$(TARGET_NAME)";
			};
			name = Release;
		};
		B3CF131419FAFD3200DFEE42 /* Debug */ = {
			isa = XCBuildConfiguration;
			buildSettings = {
				BUNDLE_LOADER = "$(TEST_HOST)";
				FRAMEWORK_SEARCH_PATHS = (
					"$(SDKROOT)/Developer/Library/Frameworks",
					"$(inherited)",
				);
				GCC_PREPROCESSOR_DEFINITIONS = (
					"DEBUG=1",
					"$(inherited)",
				);
				INFOPLIST_FILE = ProtoTests/Info.plist;
				LD_RUNPATH_SEARCH_PATHS = "$(inherited) @executable_path/Frameworks @loader_path/Frameworks";
				PRODUCT_NAME = "$(TARGET_NAME)";
				TEST_HOST = "$(BUILT_PRODUCTS_DIR)/Proto.app/Proto";
			};
			name = Debug;
		};
		B3CF131519FAFD3200DFEE42 /* Release */ = {
			isa = XCBuildConfiguration;
			buildSettings = {
				BUNDLE_LOADER = "$(TEST_HOST)";
				FRAMEWORK_SEARCH_PATHS = (
					"$(SDKROOT)/Developer/Library/Frameworks",
					"$(inherited)",
				);
				INFOPLIST_FILE = ProtoTests/Info.plist;
				LD_RUNPATH_SEARCH_PATHS = "$(inherited) @executable_path/Frameworks @loader_path/Frameworks";
				PRODUCT_NAME = "$(TARGET_NAME)";
				TEST_HOST = "$(BUILT_PRODUCTS_DIR)/Proto.app/Proto";
			};
			name = Release;
		};
/* End XCBuildConfiguration section */

/* Begin XCConfigurationList section */
		B3CF12E719FAFD3100DFEE42 /* Build configuration list for PBXProject "Proto" */ = {
			isa = XCConfigurationList;
			buildConfigurations = (
				B3CF130E19FAFD3200DFEE42 /* Debug */,
				B3CF130F19FAFD3200DFEE42 /* Release */,
			);
			defaultConfigurationIsVisible = 0;
			defaultConfigurationName = Release;
		};
		B3CF131019FAFD3200DFEE42 /* Build configuration list for PBXNativeTarget "Proto" */ = {
			isa = XCConfigurationList;
			buildConfigurations = (
				B3CF131119FAFD3200DFEE42 /* Debug */,
				B3CF131219FAFD3200DFEE42 /* Release */,
			);
			defaultConfigurationIsVisible = 0;
		};
		B3CF131319FAFD3200DFEE42 /* Build configuration list for PBXNativeTarget "ProtoTests" */ = {
			isa = XCConfigurationList;
			buildConfigurations = (
				B3CF131419FAFD3200DFEE42 /* Debug */,
				B3CF131519FAFD3200DFEE42 /* Release */,
			);
			defaultConfigurationIsVisible = 0;
		};
/* End XCConfigurationList section */

/* Begin XCVersionGroup section */
		B3CF12F319FAFD3200DFEE42 /* Proto.xcdatamodeld */ = {
			isa = XCVersionGroup;
			children = (
				B3CF12F419FAFD3200DFEE42 /* Proto.xcdatamodel */,
			);
			currentVersion = B3CF12F419FAFD3200DFEE42 /* Proto.xcdatamodel */;
			path = Proto.xcdatamodeld;
			sourceTree = "<group>";
			versionGroupType = wrapper.xcdatamodel;
		};
/* End XCVersionGroup section */
	};
	rootObject = B3CF12E419FAFD3100DFEE42 /* Project object */;
}
